// !$*UTF8*$!
{
	archiveVersion = 1;
	classes = {
	};
	objectVersion = 46;
	objects = {

/* Begin PBXBuildFile section */
		0504B7951F1F85C200242811 /* Main.storyboard in Resources */ = {isa = PBXBuildFile; fileRef = 0504B7931F1F85C200242811 /* Main.storyboard */; };
		0504B79A1F1F85C200242811 /* LaunchScreen.storyboard in Resources */ = {isa = PBXBuildFile; fileRef = 0504B7981F1F85C200242811 /* LaunchScreen.storyboard */; };
		057FC4351F220B760081DDBD /* Default-568h@2x.png in Resources */ = {isa = PBXBuildFile; fileRef = 057FC4341F220B760081DDBD /* Default-568h@2x.png */; };
		057FC4391F220DBB0081DDBD /* AppDelegate.swift in Sources */ = {isa = PBXBuildFile; fileRef = 057FC4371F220DBB0081DDBD /* AppDelegate.swift */; };
		057FC43A1F220DBB0081DDBD /* MainViewController.swift in Sources */ = {isa = PBXBuildFile; fileRef = 057FC4381F220DBB0081DDBD /* MainViewController.swift */; };
		057FC43D1F220DD80081DDBD /* Assets.xcassets in Resources */ = {isa = PBXBuildFile; fileRef = 057FC43C1F220DD80081DDBD /* Assets.xcassets */; };
		1E8C838AF8C1E246E5614A65 /* Pods_Rect_Capture.framework in Frameworks */ = {isa = PBXBuildFile; fileRef = 71E0B0CC9048A4CA0FBBAD2B /* Pods_Rect_Capture.framework */; };
/* End PBXBuildFile section */

/* Begin PBXFileReference section */
		0504B78C1F1F85C200242811 /* Rect Capture.app */ = {isa = PBXFileReference; explicitFileType = wrapper.application; includeInIndex = 0; path = "Rect Capture.app"; sourceTree = BUILT_PRODUCTS_DIR; };
		0504B7941F1F85C200242811 /* Base */ = {isa = PBXFileReference; lastKnownFileType = file.storyboard; name = Base; path = Base.lproj/Main.storyboard; sourceTree = "<group>"; };
		0504B7991F1F85C200242811 /* Base */ = {isa = PBXFileReference; lastKnownFileType = file.storyboard; name = Base; path = Base.lproj/LaunchScreen.storyboard; sourceTree = "<group>"; };
		057FC4341F220B760081DDBD /* Default-568h@2x.png */ = {isa = PBXFileReference; lastKnownFileType = image.png; name = "Default-568h@2x.png"; path = "../Default-568h@2x.png"; sourceTree = "<group>"; };
		057FC4371F220DBB0081DDBD /* AppDelegate.swift */ = {isa = PBXFileReference; fileEncoding = 4; lastKnownFileType = sourcecode.swift; path = AppDelegate.swift; sourceTree = "<group>"; };
		057FC4381F220DBB0081DDBD /* MainViewController.swift */ = {isa = PBXFileReference; fileEncoding = 4; lastKnownFileType = sourcecode.swift; path = MainViewController.swift; sourceTree = "<group>"; };
		057FC43B1F220DC80081DDBD /* Rect-Capture-Bridging-Header.h */ = {isa = PBXFileReference; fileEncoding = 4; lastKnownFileType = sourcecode.c.h; path = "Rect-Capture-Bridging-Header.h"; sourceTree = "<group>"; };
		057FC43C1F220DD80081DDBD /* Assets.xcassets */ = {isa = PBXFileReference; lastKnownFileType = folder.assetcatalog; path = Assets.xcassets; sourceTree = "<group>"; };
		057FC43E1F220E100081DDBD /* Info.plist */ = {isa = PBXFileReference; fileEncoding = 4; lastKnownFileType = text.plist.xml; path = Info.plist; sourceTree = "<group>"; };
		64701847D644E028DEC0F22C /* Pods-Rect Capture.release.xcconfig */ = {isa = PBXFileReference; includeInIndex = 1; lastKnownFileType = text.xcconfig; name = "Pods-Rect Capture.release.xcconfig"; path = "Pods/Target Support Files/Pods-Rect Capture/Pods-Rect Capture.release.xcconfig"; sourceTree = "<group>"; };
		71E0B0CC9048A4CA0FBBAD2B /* Pods_Rect_Capture.framework */ = {isa = PBXFileReference; explicitFileType = wrapper.framework; includeInIndex = 0; path = Pods_Rect_Capture.framework; sourceTree = BUILT_PRODUCTS_DIR; };
		7AE970EB7149C370B845DA49 /* Pods-Rect Capture.debug.xcconfig */ = {isa = PBXFileReference; includeInIndex = 1; lastKnownFileType = text.xcconfig; name = "Pods-Rect Capture.debug.xcconfig"; path = "Pods/Target Support Files/Pods-Rect Capture/Pods-Rect Capture.debug.xcconfig"; sourceTree = "<group>"; };
/* End PBXFileReference section */

/* Begin PBXFrameworksBuildPhase section */
		0504B7891F1F85C200242811 /* Frameworks */ = {
			isa = PBXFrameworksBuildPhase;
			buildActionMask = 2147483647;
			files = (
				1E8C838AF8C1E246E5614A65 /* Pods_Rect_Capture.framework in Frameworks */,
			);
			runOnlyForDeploymentPostprocessing = 0;
		};
/* End PBXFrameworksBuildPhase section */

/* Begin PBXGroup section */
		0504B7831F1F85C200242811 = {
			isa = PBXGroup;
			children = (
				0504B78E1F1F85C200242811 /* Rect Capture */,
				0504B78D1F1F85C200242811 /* Products */,
				B48DECD05C1C151ED8A63A4F /* Pods */,
				3D207A35A8F8959F4F935618 /* Frameworks */,
			);
			sourceTree = "<group>";
		};
		0504B78D1F1F85C200242811 /* Products */ = {
			isa = PBXGroup;
			children = (
				0504B78C1F1F85C200242811 /* Rect Capture.app */,
			);
			name = Products;
			sourceTree = "<group>";
		};
		0504B78E1F1F85C200242811 /* Rect Capture */ = {
			isa = PBXGroup;
			children = (
				057FC4371F220DBB0081DDBD /* AppDelegate.swift */,
				057FC4381F220DBB0081DDBD /* MainViewController.swift */,
				057FC43B1F220DC80081DDBD /* Rect-Capture-Bridging-Header.h */,
				0504B7931F1F85C200242811 /* Main.storyboard */,
				057FC43C1F220DD80081DDBD /* Assets.xcassets */,
				0504B7981F1F85C200242811 /* LaunchScreen.storyboard */,
				057FC4341F220B760081DDBD /* Default-568h@2x.png */,
				057FC43E1F220E100081DDBD /* Info.plist */,
			);
			path = "Rect Capture";
			sourceTree = "<group>";
		};
		3D207A35A8F8959F4F935618 /* Frameworks */ = {
			isa = PBXGroup;
			children = (
				71E0B0CC9048A4CA0FBBAD2B /* Pods_Rect_Capture.framework */,
			);
			name = Frameworks;
			sourceTree = "<group>";
		};
		B48DECD05C1C151ED8A63A4F /* Pods */ = {
			isa = PBXGroup;
			children = (
				7AE970EB7149C370B845DA49 /* Pods-Rect Capture.debug.xcconfig */,
				64701847D644E028DEC0F22C /* Pods-Rect Capture.release.xcconfig */,
			);
			name = Pods;
			sourceTree = "<group>";
		};
/* End PBXGroup section */

/* Begin PBXNativeTarget section */
		0504B78B1F1F85C200242811 /* Rect Capture */ = {
			isa = PBXNativeTarget;
			buildConfigurationList = 0504B79E1F1F85C200242811 /* Build configuration list for PBXNativeTarget "Rect Capture" */;
			buildPhases = (
				6307CF6DD0F23781FD0A85AB /* [CP] Check Pods Manifest.lock */,
				0504B7881F1F85C200242811 /* Sources */,
				0504B7891F1F85C200242811 /* Frameworks */,
				0504B78A1F1F85C200242811 /* Resources */,
				212D079E815E7974F4D94890 /* [CP] Embed Pods Frameworks */,
				C0E28B76282F6680EB327A73 /* [CP] Copy Pods Resources */,
			);
			buildRules = (
			);
			dependencies = (
			);
			name = "Rect Capture";
			productName = "CCard Scanner";
			productReference = 0504B78C1F1F85C200242811 /* Rect Capture.app */;
			productType = "com.apple.product-type.application";
		};
/* End PBXNativeTarget section */

/* Begin PBXProject section */
		0504B7841F1F85C200242811 /* Project object */ = {
			isa = PBXProject;
			attributes = {
				LastSwiftUpdateCheck = 0830;
				LastUpgradeCheck = 0900;
				ORGANIZATIONNAME = "Alex Carrizo";
				TargetAttributes = {
					0504B78B1F1F85C200242811 = {
						CreatedOnToolsVersion = 8.3.3;
						LastSwiftMigration = 0900;
						ProvisioningStyle = Automatic;
					};
				};
			};
			buildConfigurationList = 0504B7871F1F85C200242811 /* Build configuration list for PBXProject "Rect Capture" */;
			compatibilityVersion = "Xcode 3.2";
			developmentRegion = English;
			hasScannedForEncodings = 0;
			knownRegions = (
				en,
				Base,
			);
			mainGroup = 0504B7831F1F85C200242811;
			productRefGroup = 0504B78D1F1F85C200242811 /* Products */;
			projectDirPath = "";
			projectRoot = "";
			targets = (
				0504B78B1F1F85C200242811 /* Rect Capture */,
			);
		};
/* End PBXProject section */

/* Begin PBXResourcesBuildPhase section */
		0504B78A1F1F85C200242811 /* Resources */ = {
			isa = PBXResourcesBuildPhase;
			buildActionMask = 2147483647;
			files = (
				0504B79A1F1F85C200242811 /* LaunchScreen.storyboard in Resources */,
				057FC4351F220B760081DDBD /* Default-568h@2x.png in Resources */,
				057FC43D1F220DD80081DDBD /* Assets.xcassets in Resources */,
				0504B7951F1F85C200242811 /* Main.storyboard in Resources */,
			);
			runOnlyForDeploymentPostprocessing = 0;
		};
/* End PBXResourcesBuildPhase section */

/* Begin PBXShellScriptBuildPhase section */
		212D079E815E7974F4D94890 /* [CP] Embed Pods Frameworks */ = {
			isa = PBXShellScriptBuildPhase;
			buildActionMask = 2147483647;
			files = (
			);
			inputPaths = (
			);
			name = "[CP] Embed Pods Frameworks";
			outputPaths = (
			);
			runOnlyForDeploymentPostprocessing = 0;
			shellPath = /bin/sh;
			shellScript = "\"${SRCROOT}/Pods/Target Support Files/Pods-Rect Capture/Pods-Rect Capture-frameworks.sh\"\n";
			showEnvVarsInLog = 0;
		};
		6307CF6DD0F23781FD0A85AB /* [CP] Check Pods Manifest.lock */ = {
			isa = PBXShellScriptBuildPhase;
			buildActionMask = 2147483647;
			files = (
			);
			inputPaths = (
			);
			name = "[CP] Check Pods Manifest.lock";
			outputPaths = (
			);
			runOnlyForDeploymentPostprocessing = 0;
			shellPath = /bin/sh;
			shellScript = "diff \"${PODS_ROOT}/../Podfile.lock\" \"${PODS_ROOT}/Manifest.lock\" > /dev/null\nif [ $? != 0 ] ; then\n    # print error to STDERR\n    echo \"error: The sandbox is not in sync with the Podfile.lock. Run 'pod install' or update your CocoaPods installation.\" >&2\n    exit 1\nfi\n";
			showEnvVarsInLog = 0;
		};
		C0E28B76282F6680EB327A73 /* [CP] Copy Pods Resources */ = {
			isa = PBXShellScriptBuildPhase;
			buildActionMask = 2147483647;
			files = (
			);
			inputPaths = (
			);
			name = "[CP] Copy Pods Resources";
			outputPaths = (
			);
			runOnlyForDeploymentPostprocessing = 0;
			shellPath = /bin/sh;
			shellScript = "\"${SRCROOT}/Pods/Target Support Files/Pods-Rect Capture/Pods-Rect Capture-resources.sh\"\n";
			showEnvVarsInLog = 0;
		};
/* End PBXShellScriptBuildPhase section */

/* Begin PBXSourcesBuildPhase section */
		0504B7881F1F85C200242811 /* Sources */ = {
			isa = PBXSourcesBuildPhase;
			buildActionMask = 2147483647;
			files = (
				057FC4391F220DBB0081DDBD /* AppDelegate.swift in Sources */,
				057FC43A1F220DBB0081DDBD /* MainViewController.swift in Sources */,
			);
			runOnlyForDeploymentPostprocessing = 0;
		};
/* End PBXSourcesBuildPhase section */

/* Begin PBXVariantGroup section */
		0504B7931F1F85C200242811 /* Main.storyboard */ = {
			isa = PBXVariantGroup;
			children = (
				0504B7941F1F85C200242811 /* Base */,
			);
			name = Main.storyboard;
			sourceTree = "<group>";
		};
		0504B7981F1F85C200242811 /* LaunchScreen.storyboard */ = {
			isa = PBXVariantGroup;
			children = (
				0504B7991F1F85C200242811 /* Base */,
			);
			name = LaunchScreen.storyboard;
			sourceTree = "<group>";
		};
/* End PBXVariantGroup section */

/* Begin XCBuildConfiguration section */
		0504B79C1F1F85C200242811 /* Debug */ = {
			isa = XCBuildConfiguration;
			buildSettings = {
				ALWAYS_SEARCH_USER_PATHS = NO;
				CLANG_ANALYZER_NONNULL = YES;
				CLANG_ANALYZER_NUMBER_OBJECT_CONVERSION = YES_AGGRESSIVE;
				CLANG_CXX_LANGUAGE_STANDARD = "gnu++0x";
				CLANG_CXX_LIBRARY = "libc++";
				CLANG_ENABLE_MODULES = YES;
				CLANG_ENABLE_OBJC_ARC = YES;
				CLANG_WARN_BLOCK_CAPTURE_AUTORELEASING = YES;
				CLANG_WARN_BOOL_CONVERSION = YES;
				CLANG_WARN_COMMA = YES;
				CLANG_WARN_CONSTANT_CONVERSION = YES;
				CLANG_WARN_DIRECT_OBJC_ISA_USAGE = YES_ERROR;
				CLANG_WARN_DOCUMENTATION_COMMENTS = YES;
				CLANG_WARN_EMPTY_BODY = YES;
				CLANG_WARN_ENUM_CONVERSION = YES;
				CLANG_WARN_INFINITE_RECURSION = YES;
				CLANG_WARN_INT_CONVERSION = YES;
				CLANG_WARN_NON_LITERAL_NULL_CONVERSION = YES;
				CLANG_WARN_OBJC_LITERAL_CONVERSION = YES;
				CLANG_WARN_OBJC_ROOT_CLASS = YES_ERROR;
				CLANG_WARN_RANGE_LOOP_ANALYSIS = YES;
				CLANG_WARN_STRICT_PROTOTYPES = YES;
				CLANG_WARN_SUSPICIOUS_MOVE = YES;
				CLANG_WARN_UNREACHABLE_CODE = YES;
				CLANG_WARN__DUPLICATE_METHOD_MATCH = YES;
				"CODE_SIGN_IDENTITY[sdk=iphoneos*]" = "iPhone Developer";
				COPY_PHASE_STRIP = NO;
				DEBUG_INFORMATION_FORMAT = dwarf;
				ENABLE_STRICT_OBJC_MSGSEND = YES;
				ENABLE_TESTABILITY = YES;
				GCC_C_LANGUAGE_STANDARD = gnu99;
				GCC_DYNAMIC_NO_PIC = NO;
				GCC_NO_COMMON_BLOCKS = YES;
				GCC_OPTIMIZATION_LEVEL = 0;
				GCC_PREPROCESSOR_DEFINITIONS = (
					"DEBUG=1",
					"$(inherited)",
				);
				GCC_WARN_64_TO_32_BIT_CONVERSION = YES;
				GCC_WARN_ABOUT_RETURN_TYPE = YES_ERROR;
				GCC_WARN_UNDECLARED_SELECTOR = YES;
				GCC_WARN_UNINITIALIZED_AUTOS = YES_AGGRESSIVE;
				GCC_WARN_UNUSED_FUNCTION = YES;
				GCC_WARN_UNUSED_VARIABLE = YES;
				IPHONEOS_DEPLOYMENT_TARGET = 10.3;
				MTL_ENABLE_DEBUG_INFO = YES;
				ONLY_ACTIVE_ARCH = YES;
				SDKROOT = iphoneos;
				SWIFT_ACTIVE_COMPILATION_CONDITIONS = DEBUG;
				SWIFT_OPTIMIZATION_LEVEL = "-Onone";
				TARGETED_DEVICE_FAMILY = "1,2";
			};
			name = Debug;
		};
		0504B79D1F1F85C200242811 /* Release */ = {
			isa = XCBuildConfiguration;
			buildSettings = {
				ALWAYS_SEARCH_USER_PATHS = NO;
				CLANG_ANALYZER_NONNULL = YES;
				CLANG_ANALYZER_NUMBER_OBJECT_CONVERSION = YES_AGGRESSIVE;
				CLANG_CXX_LANGUAGE_STANDARD = "gnu++0x";
				CLANG_CXX_LIBRARY = "libc++";
				CLANG_ENABLE_MODULES = YES;
				CLANG_ENABLE_OBJC_ARC = YES;
				CLANG_WARN_BLOCK_CAPTURE_AUTORELEASING = YES;
				CLANG_WARN_BOOL_CONVERSION = YES;
				CLANG_WARN_COMMA = YES;
				CLANG_WARN_CONSTANT_CONVERSION = YES;
				CLANG_WARN_DIRECT_OBJC_ISA_USAGE = YES_ERROR;
				CLANG_WARN_DOCUMENTATION_COMMENTS = YES;
				CLANG_WARN_EMPTY_BODY = YES;
				CLANG_WARN_ENUM_CONVERSION = YES;
				CLANG_WARN_INFINITE_RECURSION = YES;
				CLANG_WARN_INT_CONVERSION = YES;
				CLANG_WARN_NON_LITERAL_NULL_CONVERSION = YES;
				CLANG_WARN_OBJC_LITERAL_CONVERSION = YES;
				CLANG_WARN_OBJC_ROOT_CLASS = YES_ERROR;
				CLANG_WARN_RANGE_LOOP_ANALYSIS = YES;
				CLANG_WARN_STRICT_PROTOTYPES = YES;
				CLANG_WARN_SUSPICIOUS_MOVE = YES;
				CLANG_WARN_UNREACHABLE_CODE = YES;
				CLANG_WARN__DUPLICATE_METHOD_MATCH = YES;
				"CODE_SIGN_IDENTITY[sdk=iphoneos*]" = "iPhone Developer";
				COPY_PHASE_STRIP = NO;
				DEBUG_INFORMATION_FORMAT = "dwarf-with-dsym";
				ENABLE_NS_ASSERTIONS = NO;
				ENABLE_STRICT_OBJC_MSGSEND = YES;
				GCC_C_LANGUAGE_STANDARD = gnu99;
				GCC_NO_COMMON_BLOCKS = YES;
				GCC_WARN_64_TO_32_BIT_CONVERSION = YES;
				GCC_WARN_ABOUT_RETURN_TYPE = YES_ERROR;
				GCC_WARN_UNDECLARED_SELECTOR = YES;
				GCC_WARN_UNINITIALIZED_AUTOS = YES_AGGRESSIVE;
				GCC_WARN_UNUSED_FUNCTION = YES;
				GCC_WARN_UNUSED_VARIABLE = YES;
				IPHONEOS_DEPLOYMENT_TARGET = 10.3;
				MTL_ENABLE_DEBUG_INFO = NO;
				SDKROOT = iphoneos;
				SWIFT_OPTIMIZATION_LEVEL = "-Owholemodule";
				TARGETED_DEVICE_FAMILY = "1,2";
				VALIDATE_PRODUCT = YES;
			};
			name = Release;
		};
		0504B79F1F1F85C200242811 /* Debug */ = {
			isa = XCBuildConfiguration;
			baseConfigurationReference = 7AE970EB7149C370B845DA49 /* Pods-Rect Capture.debug.xcconfig */;
			buildSettings = {
				ASSETCATALOG_COMPILER_APPICON_NAME = AppIcon;
				"CODE_SIGN_IDENTITY[sdk=iphoneos*]" = "iPhone Developer";
				DEVELOPMENT_TEAM = "";
				INFOPLIST_FILE = "$(SRCROOT)/Rect Capture/Info.plist";
				LD_RUNPATH_SEARCH_PATHS = "$(inherited) @executable_path/Frameworks";
				PRODUCT_NAME = "$(TARGET_NAME)";
				PROVISIONING_PROFILE_SPECIFIER = "";
				SWIFT_OBJC_BRIDGING_HEADER = "Rect Capture/Rect-Capture-Bridging-Header.h";
				SWIFT_VERSION = 3.0;
			};
			name = Debug;
		};
		0504B7A01F1F85C200242811 /* Release */ = {
			isa = XCBuildConfiguration;
			baseConfigurationReference = 64701847D644E028DEC0F22C /* Pods-Rect Capture.release.xcconfig */;
			buildSettings = {
				ASSETCATALOG_COMPILER_APPICON_NAME = AppIcon;
				"CODE_SIGN_IDENTITY[sdk=iphoneos*]" = "iPhone Developer";
				DEVELOPMENT_TEAM = "";
				INFOPLIST_FILE = "$(SRCROOT)/Rect Capture/Info.plist";
				LD_RUNPATH_SEARCH_PATHS = "$(inherited) @executable_path/Frameworks";
				PRODUCT_NAME = "$(TARGET_NAME)";
				PROVISIONING_PROFILE_SPECIFIER = "";
				SWIFT_OBJC_BRIDGING_HEADER = "Rect Capture/Rect-Capture-Bridging-Header.h";
				SWIFT_VERSION = 3.0;
			};
			name = Release;
		};
/* End XCBuildConfiguration section */

/* Begin XCConfigurationList section */
		0504B7871F1F85C200242811 /* Build configuration list for PBXProject "Rect Capture" */ = {
			isa = XCConfigurationList;
			buildConfigurations = (
				0504B79C1F1F85C200242811 /* Debug */,
				0504B79D1F1F85C200242811 /* Release */,
			);
			defaultConfigurationIsVisible = 0;
			defaultConfigurationName = Release;
		};
		0504B79E1F1F85C200242811 /* Build configuration list for PBXNativeTarget "Rect Capture" */ = {
			isa = XCConfigurationList;
			buildConfigurations = (
				0504B79F1F1F85C200242811 /* Debug */,
				0504B7A01F1F85C200242811 /* Release */,
			);
			defaultConfigurationIsVisible = 0;
			defaultConfigurationName = Release;
		};
/* End XCConfigurationList section */
	};
	rootObject = 0504B7841F1F85C200242811 /* Project object */;
}
